
Microsoft Visual Studio Solution File, Format Version 12.00
# Visual Studio Version 16
VisualStudioVersion = 16.0.31410.357
MinimumVisualStudioVersion = 10.0.40219.1
Project("{FAE04EC0-301F-11D3-BF4B-00C04F79EFBC}") = "Alg1", "Alg1\Alg1.csproj", "{04C69A6B-66A4-45E2-9245-38B560F7057F}"
EndProject
Project("{FAE04EC0-301F-11D3-BF4B-00C04F79EFBC}") = "Fibonacci", "Fibonacci\Fibonacci.csproj", "{D576C7A0-DC46-4D07-A198-45BA29C6F5DB}"
EndProject
Global
	GlobalSection(SolutionConfigurationPlatforms) = preSolution
		Debug|Any CPU = Debug|Any CPU
		Release|Any CPU = Release|Any CPU
	EndGlobalSection
	GlobalSection(ProjectConfigurationPlatforms) = postSolution
		{04C69A6B-66A4-45E2-9245-38B560F7057F}.Debug|Any CPU.ActiveCfg = Debug|Any CPU
		{04C69A6B-66A4-45E2-9245-38B560F7057F}.Debug|Any CPU.Build.0 = Debug|Any CPU
		{04C69A6B-66A4-45E2-9245-38B560F7057F}.Release|Any CPU.ActiveCfg = Release|Any CPU
		{04C69A6B-66A4-45E2-9245-38B560F7057F}.Release|Any CPU.Build.0 = Release|Any CPU
		{D576C7A0-DC46-4D07-A198-45BA29C6F5DB}.Debug|Any CPU.ActiveCfg = Debug|Any CPU
		{D576C7A0-DC46-4D07-A198-45BA29C6F5DB}.Debug|Any CPU.Build.0 = Debug|Any CPU
		{D576C7A0-DC46-4D07-A198-45BA29C6F5DB}.Release|Any CPU.ActiveCfg = Release|Any CPU
		{D576C7A0-DC46-4D07-A198-45BA29C6F5DB}.Release|Any CPU.Build.0 = Release|Any CPU
	EndGlobalSection
	GlobalSection(SolutionProperties) = preSolution
		HideSolutionNode = FALSE
	EndGlobalSection
	GlobalSection(ExtensibilityGlobals) = postSolution
		SolutionGuid = {823AAAA3-2636-49F1-AD36-583101F1565D}
	EndGlobalSection
EndGlobal
